// !$*UTF8*$!
{
	archiveVersion = 1;
	classes = {
	};
	objectVersion = 77;
	objects = {

/* Begin PBXBuildFile section */
		4056B7D989B53BED2634A480 /* AutoTrackingExtension.appex in Embed App Extensions */ = {isa = PBXBuildFile; fileRef = 104D9DA54C1EACFDE8DD2264 /* AutoTrackingExtension.appex */; settings = {ATTRIBUTES = (RemoveHeadersOnCopy, ); }; };
		43CA1BAB4BAA87F84C13A908 /* DeviceActivity.framework in Frameworks */ = {isa = PBXBuildFile; fileRef = 383BE76F4E5A2DA6FFA7D60B /* DeviceActivity.framework */; };
		6A6861BE315942EDFD5622F1 /* AutoTrackingExtension.swift in Sources */ = {isa = PBXBuildFile; fileRef = 8359DAA4B916ED508B7710A5 /* AutoTrackingExtension.swift */; };
		C3B6AFD662FB4BA7ADC0408B /* Foundation.framework in Frameworks */ = {isa = PBXBuildFile; fileRef = 07E701AD1415D7A18A363A7D /* Foundation.framework */; };
		E2432E37300377B7004530C0 /* WidgetKit.framework in Frameworks */ = {isa = PBXBuildFile; fileRef = E2432E36300377B7004530C0 /* WidgetKit.framework */; };
		E2432E39300377B7004530C0 /* SwiftUI.framework in Frameworks */ = {isa = PBXBuildFile; fileRef = E2432E38300377B7004530C0 /* SwiftUI.framework */; };
		E2432E4A300377B8004530C0 /* TimeGrowLiveActivityExtension.appex in Embed App Extensions */ = {isa = PBXBuildFile; fileRef = E2432E35300377B7004530C0 /* TimeGrowLiveActivityExtension.appex */; settings = {ATTRIBUTES = (RemoveHeadersOnCopy, ); }; };
		E244C36A2FF97B530026734E /* FirebaseAnalytics in Frameworks */ = {isa = PBXBuildFile; productRef = E244C3692FF97B530026734E /* FirebaseAnalytics */; };
		E244C36C2FF97B530026734E /* FirebaseAuth in Frameworks */ = {isa = PBXBuildFile; productRef = E244C36B2FF97B530026734E /* FirebaseAuth */; };
		E244C36E2FF97B530026734E /* FirebaseFirestore in Frameworks */ = {isa = PBXBuildFile; productRef = E244C36D2FF97B530026734E /* FirebaseFirestore */; };
		3B2F0CFAD0B725190E479602 /* TimeGrowLiveActivityAttributes.swift in Sources */ = {isa = PBXBuildFile; fileRef = B784A23C4BE37256025CA5D8 /* TimeGrowLiveActivityAttributes.swift */; };
/* End PBXBuildFile section */

/* Begin PBXContainerItemProxy section */
		303AC57CB964FC68F6663950 /* PBXContainerItemProxy */ = {
			isa = PBXContainerItemProxy;
			containerPortal = E2BAEF1F2FF7CEDA0004282D /* Project object */;
			proxyType = 1;
			remoteGlobalIDString = 5254F00483309052DBC287C1;
			remoteInfo = AutoTrackingExtension;
		};
		E2432E48300377B8004530C0 /* PBXContainerItemProxy */ = {
			isa = PBXContainerItemProxy;
			containerPortal = E2BAEF1F2FF7CEDA0004282D /* Project object */;
			proxyType = 1;
			remoteGlobalIDString = E2432E34300377B7004530C0;
			remoteInfo = TimeGrowLiveActivityExtension;
		};
/* End PBXContainerItemProxy section */

/* Begin PBXCopyFilesBuildPhase section */
		7D0BF31230DFC075A0704A94 /* Embed App Extensions */ = {
			isa = PBXCopyFilesBuildPhase;
			buildActionMask = 2147483647;
			dstPath = "";
			dstSubfolderSpec = 13;
			files = (
				4056B7D989B53BED2634A480 /* AutoTrackingExtension.appex in Embed App Extensions */,
				E2432E4A300377B8004530C0 /* TimeGrowLiveActivityExtension.appex in Embed App Extensions */,
			);
			name = "Embed App Extensions";
			runOnlyForDeploymentPostprocessing = 0;
		};
/* End PBXCopyFilesBuildPhase section */

/* Begin PBXFileReference section */
		07E701AD1415D7A18A363A7D /* Foundation.framework */ = {isa = PBXFileReference; lastKnownFileType = wrapper.framework; name = Foundation.framework; path = Platforms/iPhoneOS.platform/Developer/SDKs/iPhoneOS18.0.sdk/System/Library/Frameworks/Foundation.framework; sourceTree = DEVELOPER_DIR; };
		104D9DA54C1EACFDE8DD2264 /* AutoTrackingExtension.appex */ = {isa = PBXFileReference; explicitFileType = "wrapper.app-extension"; includeInIndex = 0; path = AutoTrackingExtension.appex; sourceTree = BUILT_PRODUCTS_DIR; };
		383BE76F4E5A2DA6FFA7D60B /* DeviceActivity.framework */ = {isa = PBXFileReference; lastKnownFileType = wrapper.framework; name = DeviceActivity.framework; path = Platforms/iPhoneOS.platform/Developer/SDKs/iPhoneOS18.0.sdk/System/Library/Frameworks/DeviceActivity.framework; sourceTree = DEVELOPER_DIR; };
		3C361313133AC9B3E22DFE2A /* Info.plist */ = {isa = PBXFileReference; includeInIndex = 1; lastKnownFileType = text.plist.xml; path = Info.plist; sourceTree = "<group>"; };
		8359DAA4B916ED508B7710A5 /* AutoTrackingExtension.swift */ = {isa = PBXFileReference; includeInIndex = 1; lastKnownFileType = sourcecode.swift; path = AutoTrackingExtension.swift; sourceTree = "<group>"; };
		E2432E35300377B7004530C0 /* TimeGrowLiveActivityExtension.appex */ = {isa = PBXFileReference; explicitFileType = "wrapper.app-extension"; includeInIndex = 0; path = TimeGrowLiveActivityExtension.appex; sourceTree = BUILT_PRODUCTS_DIR; };
		E2432E36300377B7004530C0 /* WidgetKit.framework */ = {isa = PBXFileReference; lastKnownFileType = wrapper.framework; name = WidgetKit.framework; path = System/Library/Frameworks/WidgetKit.framework; sourceTree = SDKROOT; };
		E2432E38300377B7004530C0 /* SwiftUI.framework */ = {isa = PBXFileReference; lastKnownFileType = wrapper.framework; name = SwiftUI.framework; path = System/Library/Frameworks/SwiftUI.framework; sourceTree = SDKROOT; };
		E2BAEF272FF7CEDA0004282D /* TimeGrow.app */ = {isa = PBXFileReference; explicitFileType = wrapper.application; includeInIndex = 0; path = TimeGrow.app; sourceTree = BUILT_PRODUCTS_DIR; };
		F8557A2C21F38A593367B633 /* AutoTrackingExtension.entitlements */ = {isa = PBXFileReference; includeInIndex = 1; lastKnownFileType = text.plist.entitlements; path = AutoTrackingExtension.entitlements; sourceTree = "<group>"; };
		B784A23C4BE37256025CA5D8 /* TimeGrowLiveActivityAttributes.swift */ = {isa = PBXFileReference; lastKnownFileType = sourcecode.swift; path = TimeGrow/LiveActivity/TimeGrowLiveActivityAttributes.swift; sourceTree = "<group>"; };
/* End PBXFileReference section */

/* Begin PBXFileSystemSynchronizedBuildFileExceptionSet section */
		E2432E4E300377B8004530C0 /* Exceptions for "TimeGrowLiveActivity" folder in "TimeGrowLiveActivityExtension" target */ = {
			isa = PBXFileSystemSynchronizedBuildFileExceptionSet;
			membershipExceptions = (
				Info.plist,
			);
			target = E2432E34300377B7004530C0 /* TimeGrowLiveActivityExtension */;
		};
		E2BAEF342FF7CEDB0004282D /* Exceptions for "TimeGrow" folder in "TimeGrow" target */ = {
			isa = PBXFileSystemSynchronizedBuildFileExceptionSet;
			membershipExceptions = (
				Info.plist,
			);
			target = E2BAEF262FF7CEDA0004282D /* TimeGrow */;
		};
/* End PBXFileSystemSynchronizedBuildFileExceptionSet section */

/* Begin PBXFileSystemSynchronizedRootGroup section */
		E2432E3A300377B7004530C0 /* TimeGrowLiveActivity */ = {
			isa = PBXFileSystemSynchronizedRootGroup;
			exceptions = (
				E2432E4E300377B8004530C0 /* Exceptions for "TimeGrowLiveActivity" folder in "TimeGrowLiveActivityExtension" target */,
			);
			path = TimeGrowLiveActivity;
			sourceTree = "<group>";
		};
		E2BAEF292FF7CEDA0004282D /* TimeGrow */ = {
			isa = PBXFileSystemSynchronizedRootGroup;
			exceptions = (
				E2BAEF342FF7CEDB0004282D /* Exceptions for "TimeGrow" folder in "TimeGrow" target */,
			);
			path = TimeGrow;
			sourceTree = "<group>";
		};
/* End PBXFileSystemSynchronizedRootGroup section */

/* Begin PBXFrameworksBuildPhase section */
		CDC0B256291A49987E7D4CB3 /* Frameworks */ = {
			isa = PBXFrameworksBuildPhase;
			buildActionMask = 2147483647;
			files = (
				C3B6AFD662FB4BA7ADC0408B /* Foundation.framework in Frameworks */,
				43CA1BAB4BAA87F84C13A908 /* DeviceActivity.framework in Frameworks */,
			);
			runOnlyForDeploymentPostprocessing = 0;
		};
		E2432E32300377B7004530C0 /* Frameworks */ = {
			isa = PBXFrameworksBuildPhase;
			buildActionMask = 2147483647;
			files = (
				E2432E39300377B7004530C0 /* SwiftUI.framework in Frameworks */,
				E2432E37300377B7004530C0 /* WidgetKit.framework in Frameworks */,
			);
			runOnlyForDeploymentPostprocessing = 0;
		};
		E2BAEF242FF7CEDA0004282D /* Frameworks */ = {
			isa = PBXFrameworksBuildPhase;
			buildActionMask = 2147483647;
			files = (
				E244C36A2FF97B530026734E /* FirebaseAnalytics in Frameworks */,
				E244C36C2FF97B530026734E /* FirebaseAuth in Frameworks */,
				E244C36E2FF97B530026734E /* FirebaseFirestore in Frameworks */,
			);
			runOnlyForDeploymentPostprocessing = 0;
		};
/* End PBXFrameworksBuildPhase section */

/* Begin PBXGroup section */
		6DEAECE9BEC9834BDB3820D4 /* AutoTrackingExtension */ = {
			isa = PBXGroup;
			children = (
				8359DAA4B916ED508B7710A5 /* AutoTrackingExtension.swift */,
				3C361313133AC9B3E22DFE2A /* Info.plist */,
				F8557A2C21F38A593367B633 /* AutoTrackingExtension.entitlements */,
			);
			path = AutoTrackingExtension;
			sourceTree = "<group>";
		};
		9655873538177B3E10191D69 /* iOS */ = {
			isa = PBXGroup;
			children = (
				07E701AD1415D7A18A363A7D /* Foundation.framework */,
				383BE76F4E5A2DA6FFA7D60B /* DeviceActivity.framework */,
			);
			name = iOS;
			sourceTree = "<group>";
		};
		AD5A95F8F811A59C6EDC2AAA /* Frameworks */ = {
			isa = PBXGroup;
			children = (
				9655873538177B3E10191D69 /* iOS */,
				E2432E36300377B7004530C0 /* WidgetKit.framework */,
				E2432E38300377B7004530C0 /* SwiftUI.framework */,
			);
			name = Frameworks;
			sourceTree = "<group>";
		};
		E2BAEF1E2FF7CEDA0004282D = {
			isa = PBXGroup;
			children = (
				E2BAEF292FF7CEDA0004282D /* TimeGrow */,
				E2432E3A300377B7004530C0 /* TimeGrowLiveActivity */,
				E2BAEF282FF7CEDA0004282D /* Products */,
				AD5A95F8F811A59C6EDC2AAA /* Frameworks */,
				6DEAECE9BEC9834BDB3820D4 /* AutoTrackingExtension */,
				B784A23C4BE37256025CA5D8 /* TimeGrowLiveActivityAttributes.swift */,
			);
			sourceTree = "<group>";
		};
		E2BAEF282FF7CEDA0004282D /* Products */ = {
			isa = PBXGroup;
			children = (
				E2BAEF272FF7CEDA0004282D /* TimeGrow.app */,
				104D9DA54C1EACFDE8DD2264 /* AutoTrackingExtension.appex */,
				E2432E35300377B7004530C0 /* TimeGrowLiveActivityExtension.appex */,
			);
			name = Products;
			sourceTree = "<group>";
		};
/* End PBXGroup section */

/* Begin PBXNativeTarget section */
		5254F00483309052DBC287C1 /* AutoTrackingExtension */ = {
			isa = PBXNativeTarget;
			buildConfigurationList = 5F5DEDFE1535B5F6C4D9B0A7 /* Build configuration list for PBXNativeTarget "AutoTrackingExtension" */;
			buildPhases = (
				90D22BF1D4438B0EB9B9A17A /* Sources */,
				CDC0B256291A49987E7D4CB3 /* Frameworks */,
				722C4E3C8C4982B7288F440D /* Resources */,
			);
			buildRules = (
			);
			dependencies = (
			);
			name = AutoTrackingExtension;
			productName = AutoTrackingExtension;
			productReference = 104D9DA54C1EACFDE8DD2264 /* AutoTrackingExtension.appex */;
			productType = "com.apple.product-type.app-extension";
		};
		E2432E34300377B7004530C0 /* TimeGrowLiveActivityExtension */ = {
			isa = PBXNativeTarget;
			buildConfigurationList = E2432E4D300377B8004530C0 /* Build configuration list for PBXNativeTarget "TimeGrowLiveActivityExtension" */;
			buildPhases = (
				E2432E31300377B7004530C0 /* Sources */,
				E2432E32300377B7004530C0 /* Frameworks */,
				E2432E33300377B7004530C0 /* Resources */,
			);
			buildRules = (
			);
			dependencies = (
			);
			fileSystemSynchronizedGroups = (
				E2432E3A300377B7004530C0 /* TimeGrowLiveActivity */,
			);
			name = TimeGrowLiveActivityExtension;
			packageProductDependencies = (
			);
			productName = TimeGrowLiveActivityExtension;
			productReference = E2432E35300377B7004530C0 /* TimeGrowLiveActivityExtension.appex */;
			productType = "com.apple.product-type.app-extension";
		};
		E2BAEF262FF7CEDA0004282D /* TimeGrow */ = {
			isa = PBXNativeTarget;
			buildConfigurationList = E2BAEF352FF7CEDB0004282D /* Build configuration list for PBXNativeTarget "TimeGrow" */;
			buildPhases = (
				E2BAEF232FF7CEDA0004282D /* Sources */,
				E2BAEF242FF7CEDA0004282D /* Frameworks */,
				E2BAEF252FF7CEDA0004282D /* Resources */,
				7D0BF31230DFC075A0704A94 /* Embed App Extensions */,
			);
			buildRules = (
			);
			dependencies = (
				80315BF7BEC0C08FC3419F82 /* PBXTargetDependency */,
				E2432E49300377B8004530C0 /* PBXTargetDependency */,
			);
			fileSystemSynchronizedGroups = (
				E2BAEF292FF7CEDA0004282D /* TimeGrow */,
			);
			name = TimeGrow;
			packageProductDependencies = (
				E244C3692FF97B530026734E /* FirebaseAnalytics */,
				E244C36B2FF97B530026734E /* FirebaseAuth */,
				E244C36D2FF97B530026734E /* FirebaseFirestore */,
			);
			productName = TimeGrow;
			productReference = E2BAEF272FF7CEDA0004282D /* TimeGrow.app */;
			productType = "com.apple.product-type.application";
		};
/* End PBXNativeTarget section */

/* Begin PBXProject section */
		E2BAEF1F2FF7CEDA0004282D /* Project object */ = {
			isa = PBXProject;
			attributes = {
				BuildIndependentTargetsInParallel = 1;
				LastSwiftUpdateCheck = 2650;
				LastUpgradeCheck = 2650;
				TargetAttributes = {
					5254F00483309052DBC287C1 = {
						CreatedOnToolsVersion = 26.5;
					};
					E2432E34300377B7004530C0 = {
						CreatedOnToolsVersion = 26.5;
					};
					E2BAEF262FF7CEDA0004282D = {
						CreatedOnToolsVersion = 26.5;
					};
				};
			};
			buildConfigurationList = E2BAEF222FF7CEDA0004282D /* Build configuration list for PBXProject "TimeGrow" */;
			developmentRegion = en;
			hasScannedForEncodings = 0;
			knownRegions = (
				en,
				Base,
			);
			mainGroup = E2BAEF1E2FF7CEDA0004282D;
			minimizedProjectReferenceProxies = 1;
			packageReferences = (
				E244C3682FF97B530026734E /* XCRemoteSwiftPackageReference "firebase-ios-sdk" */,
			);
			preferredProjectObjectVersion = 77;
			productRefGroup = E2BAEF282FF7CEDA0004282D /* Products */;
			projectDirPath = "";
			projectRoot = "";
			targets = (
				E2BAEF262FF7CEDA0004282D /* TimeGrow */,
				5254F00483309052DBC287C1 /* AutoTrackingExtension */,
				E2432E34300377B7004530C0 /* TimeGrowLiveActivityExtension */,
			);
		};
/* End PBXProject section */

/* Begin PBXResourcesBuildPhase section */
		722C4E3C8C4982B7288F440D /* Resources */ = {
			isa = PBXResourcesBuildPhase;
			buildActionMask = 2147483647;
			files = (
			);
			runOnlyForDeploymentPostprocessing = 0;
		};
		E2432E33300377B7004530C0 /* Resources */ = {
			isa = PBXResourcesBuildPhase;
			buildActionMask = 2147483647;
			files = (
			);
			runOnlyForDeploymentPostprocessing = 0;
		};
		E2BAEF252FF7CEDA0004282D /* Resources */ = {
			isa = PBXResourcesBuildPhase;
			buildActionMask = 2147483647;
			files = (
			);
			runOnlyForDeploymentPostprocessing = 0;
		};
/* End PBXResourcesBuildPhase section */

/* Begin PBXSourcesBuildPhase section */
		90D22BF1D4438B0EB9B9A17A /* Sources */ = {
			isa = PBXSourcesBuildPhase;
			buildActionMask = 2147483647;
			files = (
				6A6861BE315942EDFD5622F1 /* AutoTrackingExtension.swift in Sources */,
			);
			runOnlyForDeploymentPostprocessing = 0;
		};
		E2432E31300377B7004530C0 /* Sources */ = {
			isa = PBXSourcesBuildPhase;
			buildActionMask = 2147483647;
			files = (
				3B2F0CFAD0B725190E479602 /* TimeGrowLiveActivityAttributes.swift in Sources */,
			);
			runOnlyForDeploymentPostprocessing = 0;
		};
		E2BAEF232FF7CEDA0004282D /* Sources */ = {
			isa = PBXSourcesBuildPhase;
			buildActionMask = 2147483647;
			files = (
			);
			runOnlyForDeploymentPostprocessing = 0;
		};
/* End PBXSourcesBuildPhase section */

/* Begin PBXTargetDependency section */
		80315BF7BEC0C08FC3419F82 /* PBXTargetDependency */ = {
			isa = PBXTargetDependency;
			name = AutoTrackingExtension;
			target = 5254F00483309052DBC287C1 /* AutoTrackingExtension */;
			targetProxy = 303AC57CB964FC68F6663950 /* PBXContainerItemProxy */;
		};
		E2432E49300377B8004530C0 /* PBXTargetDependency */ = {
			isa = PBXTargetDependency;
			target = E2432E34300377B7004530C0 /* TimeGrowLiveActivityExtension */;
			targetProxy = E2432E48300377B8004530C0 /* PBXContainerItemProxy */;
		};
/* End PBXTargetDependency section */

/* Begin XCBuildConfiguration section */
		1D324E9C61165BB306315A9C /* Release */ = {
			isa = XCBuildConfiguration;
			buildSettings = {
				APPLICATION_EXTENSION_API_ONLY = YES;
				CLANG_ENABLE_OBJC_WEAK = NO;
				CODE_SIGN_ENTITLEMENTS = AutoTrackingExtension/AutoTrackingExtension.entitlements;
				CODE_SIGN_STYLE = Automatic;
				CURRENT_PROJECT_VERSION = 1;
				DEVELOPMENT_TEAM = 9CYR3K5YHR;
				GENERATE_INFOPLIST_FILE = NO;
				INFOPLIST_FILE = AutoTrackingExtension/Info.plist;
				IPHONEOS_DEPLOYMENT_TARGET = 26.5;
				LD_RUNPATH_SEARCH_PATHS = (
					"$(inherited)",
					"@executable_path/Frameworks",
					"@executable_path/../../Frameworks",
				);
				MARKETING_VERSION = 1.0;
				PRODUCT_BUNDLE_IDENTIFIER = WINNER.ltd.TimeGrow.AutoTrackingExtension;
				PRODUCT_NAME = "$(TARGET_NAME)";
				SDKROOT = iphoneos;
				SKIP_INSTALL = YES;
				SWIFT_VERSION = 5.0;
				TARGETED_DEVICE_FAMILY = "1,2";
				VALIDATE_PRODUCT = YES;
			};
			name = Release;
		};
		536C93A5C79269779786D4D6 /* Debug */ = {
			isa = XCBuildConfiguration;
			buildSettings = {
				APPLICATION_EXTENSION_API_ONLY = YES;
				CLANG_ENABLE_OBJC_WEAK = NO;
				CODE_SIGN_ENTITLEMENTS = AutoTrackingExtension/AutoTrackingExtension.entitlements;
				CODE_SIGN_STYLE = Automatic;
				CURRENT_PROJECT_VERSION = 1;
				DEVELOPMENT_TEAM = 9CYR3K5YHR;
				GENERATE_INFOPLIST_FILE = NO;
				INFOPLIST_FILE = AutoTrackingExtension/Info.plist;
				IPHONEOS_DEPLOYMENT_TARGET = 26.5;
				LD_RUNPATH_SEARCH_PATHS = (
					"$(inherited)",
					"@executable_path/Frameworks",
					"@executable_path/../../Frameworks",
				);
				MARKETING_VERSION = 1.0;
				PRODUCT_BUNDLE_IDENTIFIER = WINNER.ltd.TimeGrow.AutoTrackingExtension;
				PRODUCT_NAME = "$(TARGET_NAME)";
				SDKROOT = iphoneos;
				SKIP_INSTALL = YES;
				SWIFT_VERSION = 5.0;
				TARGETED_DEVICE_FAMILY = "1,2";
			};
			name = Debug;
		};
		E2432E4B300377B8004530C0 /* Debug */ = {
			isa = XCBuildConfiguration;
			buildSettings = {
				ASSETCATALOG_COMPILER_GLOBAL_ACCENT_COLOR_NAME = AccentColor;
				ASSETCATALOG_COMPILER_WIDGET_BACKGROUND_COLOR_NAME = WidgetBackground;
				CODE_SIGN_STYLE = Automatic;
				CURRENT_PROJECT_VERSION = 1;
				DEVELOPMENT_TEAM = 9CYR3K5YHR;
				GENERATE_INFOPLIST_FILE = YES;
				INFOPLIST_FILE = TimeGrowLiveActivity/Info.plist;
				INFOPLIST_KEY_CFBundleDisplayName = TimeGrowLiveActivity;
				INFOPLIST_KEY_NSHumanReadableCopyright = "";
				LD_RUNPATH_SEARCH_PATHS = (
					"$(inherited)",
					"@executable_path/Frameworks",
					"@executable_path/../../Frameworks",
				);
				MARKETING_VERSION = 1.0;
				PRODUCT_BUNDLE_IDENTIFIER = WINNER.ltd.TimeGrow.TimeGrowLiveActivity;
				PRODUCT_NAME = "$(TARGET_NAME)";
				SKIP_INSTALL = YES;
				STRING_CATALOG_GENERATE_SYMBOLS = YES;
				SWIFT_APPROACHABLE_CONCURRENCY = YES;
				SWIFT_EMIT_LOC_STRINGS = YES;
				SWIFT_UPCOMING_FEATURE_MEMBER_IMPORT_VISIBILITY = YES;
				SWIFT_VERSION = 5.0;
				TARGETED_DEVICE_FAMILY = "1,2";
			};
			name = Debug;
		};
		E2432E4C300377B8004530C0 /* Release */ = {
			isa = XCBuildConfiguration;
			buildSettings = {
				ASSETCATALOG_COMPILER_GLOBAL_ACCENT_COLOR_NAME = AccentColor;
				ASSETCATALOG_COMPILER_WIDGET_BACKGROUND_COLOR_NAME = WidgetBackground;
				CODE_SIGN_STYLE = Automatic;
				CURRENT_PROJECT_VERSION = 1;
				DEVELOPMENT_TEAM = 9CYR3K5YHR;
				GENERATE_INFOPLIST_FILE = YES;
				INFOPLIST_FILE = TimeGrowLiveActivity/Info.plist;
				INFOPLIST_KEY_CFBundleDisplayName = TimeGrowLiveActivity;
				INFOPLIST_KEY_NSHumanReadableCopyright = "";
				LD_RUNPATH_SEARCH_PATHS = (
					"$(inherited)",
					"@executable_path/Frameworks",
					"@executable_path/../../Frameworks",
				);
				MARKETING_VERSION = 1.0;
				PRODUCT_BUNDLE_IDENTIFIER = WINNER.ltd.TimeGrow.TimeGrowLiveActivity;
				PRODUCT_NAME = "$(TARGET_NAME)";
				SKIP_INSTALL = YES;
				STRING_CATALOG_GENERATE_SYMBOLS = YES;
				SWIFT_APPROACHABLE_CONCURRENCY = YES;
				SWIFT_EMIT_LOC_STRINGS = YES;
				SWIFT_UPCOMING_FEATURE_MEMBER_IMPORT_VISIBILITY = YES;
				SWIFT_VERSION = 5.0;
				TARGETED_DEVICE_FAMILY = "1,2";
			};
			name = Release;
		};
		E2BAEF362FF7CEDB0004282D /* Debug */ = {
			isa = XCBuildConfiguration;
			buildSettings = {
				ASSETCATALOG_COMPILER_APPICON_NAME = AppIcon;
				ASSETCATALOG_COMPILER_GLOBAL_ACCENT_COLOR_NAME = AccentColor;
				CODE_SIGN_ENTITLEMENTS = TimeGrow/TimeGrow.entitlements;
				CODE_SIGN_STYLE = Automatic;
				CURRENT_PROJECT_VERSION = 1;
				DEVELOPMENT_TEAM = 9CYR3K5YHR;
				ENABLE_PREVIEWS = YES;
				GENERATE_INFOPLIST_FILE = YES;
				INFOPLIST_FILE = TimeGrow/Info.plist;
				INFOPLIST_KEY_UIApplicationSceneManifest_Generation = YES;
				INFOPLIST_KEY_UIApplicationSupportsIndirectInputEvents = YES;
				INFOPLIST_KEY_UILaunchScreen_Generation = YES;
				INFOPLIST_KEY_UISupportedInterfaceOrientations_iPad = "UIInterfaceOrientationPortrait UIInterfaceOrientationPortraitUpsideDown UIInterfaceOrientationLandscapeLeft UIInterfaceOrientationLandscapeRight";
				INFOPLIST_KEY_UISupportedInterfaceOrientations_iPhone = "UIInterfaceOrientationPortrait UIInterfaceOrientationLandscapeLeft UIInterfaceOrientationLandscapeRight";
				LD_RUNPATH_SEARCH_PATHS = (
					"$(inherited)",
					"@executable_path/Frameworks",
				);
				MARKETING_VERSION = 1.0;
				PRODUCT_BUNDLE_IDENTIFIER = WINNER.ltd.TimeGrow;
				PRODUCT_NAME = "$(TARGET_NAME)";
				STRING_CATALOG_GENERATE_SYMBOLS = YES;
				SWIFT_APPROACHABLE_CONCURRENCY = YES;
				SWIFT_DEFAULT_ACTOR_ISOLATION = MainActor;
				SWIFT_EMIT_LOC_STRINGS = YES;
				SWIFT_UPCOMING_FEATURE_MEMBER_IMPORT_VISIBILITY = YES;
				SWIFT_VERSION = 5.0;
				TARGETED_DEVICE_FAMILY = "1,2";
			};
			name = Debug;
		};
		E2BAEF372FF7CEDB0004282D /* Release */ = {
			isa = XCBuildConfiguration;
			buildSettings = {
				ASSETCATALOG_COMPILER_APPICON_NAME = AppIcon;
				ASSETCATALOG_COMPILER_GLOBAL_ACCENT_COLOR_NAME = AccentColor;
				CODE_SIGN_ENTITLEMENTS = TimeGrow/TimeGrow.entitlements;
				CODE_SIGN_STYLE = Automatic;
				CURRENT_PROJECT_VERSION = 1;
				DEVELOPMENT_TEAM = 9CYR3K5YHR;
				ENABLE_PREVIEWS = YES;
				GENERATE_INFOPLIST_FILE = YES;
				INFOPLIST_FILE = TimeGrow/Info.plist;
				INFOPLIST_KEY_UIApplicationSceneManifest_Generation = YES;
				INFOPLIST_KEY_UIApplicationSupportsIndirectInputEvents = YES;
				INFOPLIST_KEY_UILaunchScreen_Generation = YES;
				INFOPLIST_KEY_UISupportedInterfaceOrientations_iPad = "UIInterfaceOrientationPortrait UIInterfaceOrientationPortraitUpsideDown UIInterfaceOrientationLandscapeLeft UIInterfaceOrientationLandscapeRight";
				INFOPLIST_KEY_UISupportedInterfaceOrientations_iPhone = "UIInterfaceOrientationPortrait UIInterfaceOrientationLandscapeLeft UIInterfaceOrientationLandscapeRight";
				LD_RUNPATH_SEARCH_PATHS = (
					"$(inherited)",
					"@executable_path/Frameworks",
				);
				MARKETING_VERSION = 1.0;
				PRODUCT_BUNDLE_IDENTIFIER = WINNER.ltd.TimeGrow;
				PRODUCT_NAME = "$(TARGET_NAME)";
				STRING_CATALOG_GENERATE_SYMBOLS = YES;
				SWIFT_APPROACHABLE_CONCURRENCY = YES;
				SWIFT_DEFAULT_ACTOR_ISOLATION = MainActor;
				SWIFT_EMIT_LOC_STRINGS = YES;
				SWIFT_UPCOMING_FEATURE_MEMBER_IMPORT_VISIBILITY = YES;
				SWIFT_VERSION = 5.0;
				TARGETED_DEVICE_FAMILY = "1,2";
			};
			name = Release;
		};
		E2BAEF382FF7CEDB0004282D /* Debug */ = {
			isa = XCBuildConfiguration;
			buildSettings = {
				ALWAYS_SEARCH_USER_PATHS = NO;
				ASSETCATALOG_COMPILER_GENERATE_SWIFT_ASSET_SYMBOL_EXTENSIONS = YES;
				CLANG_ANALYZER_NONNULL = YES;
				CLANG_ANALYZER_NUMBER_OBJECT_CONVERSION = YES_AGGRESSIVE;
				CLANG_CXX_LANGUAGE_STANDARD = "gnu++20";
				CLANG_ENABLE_MODULES = YES;
				CLANG_ENABLE_OBJC_ARC = YES;
				CLANG_ENABLE_OBJC_WEAK = YES;
				CLANG_WARN_BLOCK_CAPTURE_AUTORELEASING = YES;
				CLANG_WARN_BOOL_CONVERSION = YES;
				CLANG_WARN_COMMA = YES;
				CLANG_WARN_CONSTANT_CONVERSION = YES;
				CLANG_WARN_DEPRECATED_OBJC_IMPLEMENTATIONS = YES;
				CLANG_WARN_DIRECT_OBJC_ISA_USAGE = YES_ERROR;
				CLANG_WARN_DOCUMENTATION_COMMENTS = YES;
				CLANG_WARN_EMPTY_BODY = YES;
				CLANG_WARN_ENUM_CONVERSION = YES;
				CLANG_WARN_INFINITE_RECURSION = YES;
				CLANG_WARN_INT_CONVERSION = YES;
				CLANG_WARN_NON_LITERAL_NULL_CONVERSION = YES;
				CLANG_WARN_OBJC_IMPLICIT_RETAIN_SELF = YES;
				CLANG_WARN_OBJC_LITERAL_CONVERSION = YES;
				CLANG_WARN_OBJC_ROOT_CLASS = YES_ERROR;
				CLANG_WARN_QUOTED_INCLUDE_IN_FRAMEWORK_HEADER = YES;
				CLANG_WARN_RANGE_LOOP_ANALYSIS = YES;
				CLANG_WARN_STRICT_PROTOTYPES = YES;
				CLANG_WARN_SUSPICIOUS_MOVE = YES;
				CLANG_WARN_UNGUARDED_AVAILABILITY = YES_AGGRESSIVE;
				CLANG_WARN_UNREACHABLE_CODE = YES;
				CLANG_WARN__DUPLICATE_METHOD_MATCH = YES;
				COPY_PHASE_STRIP = NO;
				DEBUG_INFORMATION_FORMAT = dwarf;
				DEVELOPMENT_TEAM = 9CYR3K5YHR;
				ENABLE_STRICT_OBJC_MSGSEND = YES;
				ENABLE_TESTABILITY = YES;
				ENABLE_USER_SCRIPT_SANDBOXING = YES;
				GCC_C_LANGUAGE_STANDARD = gnu17;
				GCC_DYNAMIC_NO_PIC = NO;
				GCC_NO_COMMON_BLOCKS = YES;
				GCC_OPTIMIZATION_LEVEL = 0;
				GCC_PREPROCESSOR_DEFINITIONS = (
					"DEBUG=1",
					"$(inherited)",
				);
				GCC_WARN_64_TO_32_BIT_CONVERSION = YES;
				GCC_WARN_ABOUT_RETURN_TYPE = YES_ERROR;
				GCC_WARN_UNDECLARED_SELECTOR = YES;
				GCC_WARN_UNINITIALIZED_AUTOS = YES_AGGRESSIVE;
				GCC_WARN_UNUSED_FUNCTION = YES;
				GCC_WARN_UNUSED_VARIABLE = YES;
				IPHONEOS_DEPLOYMENT_TARGET = 26.5;
				LOCALIZATION_PREFERS_STRING_CATALOGS = YES;
				MTL_ENABLE_DEBUG_INFO = INCLUDE_SOURCE;
				MTL_FAST_MATH = YES;
				ONLY_ACTIVE_ARCH = YES;
				SDKROOT = iphoneos;
				SWIFT_ACTIVE_COMPILATION_CONDITIONS = "DEBUG $(inherited)";
				SWIFT_OPTIMIZATION_LEVEL = "-Onone";
			};
			name = Debug;
		};
		E2BAEF392FF7CEDB0004282D /* Release */ = {
			isa = XCBuildConfiguration;
			buildSettings = {
				ALWAYS_SEARCH_USER_PATHS = NO;
				ASSETCATALOG_COMPILER_GENERATE_SWIFT_ASSET_SYMBOL_EXTENSIONS = YES;
				CLANG_ANALYZER_NONNULL = YES;
				CLANG_ANALYZER_NUMBER_OBJECT_CONVERSION = YES_AGGRESSIVE;
				CLANG_CXX_LANGUAGE_STANDARD = "gnu++20";
				CLANG_ENABLE_MODULES = YES;
				CLANG_ENABLE_OBJC_ARC = YES;
				CLANG_ENABLE_OBJC_WEAK = YES;
				CLANG_WARN_BLOCK_CAPTURE_AUTORELEASING = YES;
				CLANG_WARN_BOOL_CONVERSION = YES;
				CLANG_WARN_COMMA = YES;
				CLANG_WARN_CONSTANT_CONVERSION = YES;
				CLANG_WARN_DEPRECATED_OBJC_IMPLEMENTATIONS = YES;
				CLANG_WARN_DIRECT_OBJC_ISA_USAGE = YES_ERROR;
				CLANG_WARN_DOCUMENTATION_COMMENTS = YES;
				CLANG_WARN_EMPTY_BODY = YES;
				CLANG_WARN_ENUM_CONVERSION = YES;
				CLANG_WARN_INFINITE_RECURSION = YES;
				CLANG_WARN_INT_CONVERSION = YES;
				CLANG_WARN_NON_LITERAL_NULL_CONVERSION = YES;
				CLANG_WARN_OBJC_IMPLICIT_RETAIN_SELF = YES;
				CLANG_WARN_OBJC_LITERAL_CONVERSION = YES;
				CLANG_WARN_OBJC_ROOT_CLASS = YES_ERROR;
				CLANG_WARN_QUOTED_INCLUDE_IN_FRAMEWORK_HEADER = YES;
				CLANG_WARN_RANGE_LOOP_ANALYSIS = YES;
				CLANG_WARN_STRICT_PROTOTYPES = YES;
				CLANG_WARN_SUSPICIOUS_MOVE = YES;
				CLANG_WARN_UNGUARDED_AVAILABILITY = YES_AGGRESSIVE;
				CLANG_WARN_UNREACHABLE_CODE = YES;
				CLANG_WARN__DUPLICATE_METHOD_MATCH = YES;
				COPY_PHASE_STRIP = NO;
				DEBUG_INFORMATION_FORMAT = "dwarf-with-dsym";
				DEVELOPMENT_TEAM = 9CYR3K5YHR;
				ENABLE_NS_ASSERTIONS = NO;
				ENABLE_STRICT_OBJC_MSGSEND = YES;
				ENABLE_USER_SCRIPT_SANDBOXING = YES;
				GCC_C_LANGUAGE_STANDARD = gnu17;
				GCC_NO_COMMON_BLOCKS = YES;
				GCC_WARN_64_TO_32_BIT_CONVERSION = YES;
				GCC_WARN_ABOUT_RETURN_TYPE = YES_ERROR;
				GCC_WARN_UNDECLARED_SELECTOR = YES;
				GCC_WARN_UNINITIALIZED_AUTOS = YES_AGGRESSIVE;
				GCC_WARN_UNUSED_FUNCTION = YES;
				GCC_WARN_UNUSED_VARIABLE = YES;
				IPHONEOS_DEPLOYMENT_TARGET = 26.5;
				LOCALIZATION_PREFERS_STRING_CATALOGS = YES;
				MTL_ENABLE_DEBUG_INFO = NO;
				MTL_FAST_MATH = YES;
				SDKROOT = iphoneos;
				SWIFT_COMPILATION_MODE = wholemodule;
				VALIDATE_PRODUCT = YES;
			};
			name = Release;
		};
/* End XCBuildConfiguration section */

/* Begin XCConfigurationList section */
		5F5DEDFE1535B5F6C4D9B0A7 /* Build configuration list for PBXNativeTarget "AutoTrackingExtension" */ = {
			isa = XCConfigurationList;
			buildConfigurations = (
				1D324E9C61165BB306315A9C /* Release */,
				536C93A5C79269779786D4D6 /* Debug */,
			);
			defaultConfigurationIsVisible = 0;
			defaultConfigurationName = Release;
		};
		E2432E4D300377B8004530C0 /* Build configuration list for PBXNativeTarget "TimeGrowLiveActivityExtension" */ = {
			isa = XCConfigurationList;
			buildConfigurations = (
				E2432E4B300377B8004530C0 /* Debug */,
				E2432E4C300377B8004530C0 /* Release */,
			);
			defaultConfigurationIsVisible = 0;
			defaultConfigurationName = Release;
		};
		E2BAEF222FF7CEDA0004282D /* Build configuration list for PBXProject "TimeGrow" */ = {
			isa = XCConfigurationList;
			buildConfigurations = (
				E2BAEF382FF7CEDB0004282D /* Debug */,
				E2BAEF392FF7CEDB0004282D /* Release */,
			);
			defaultConfigurationIsVisible = 0;
			defaultConfigurationName = Release;
		};
		E2BAEF352FF7CEDB0004282D /* Build configuration list for PBXNativeTarget "TimeGrow" */ = {
			isa = XCConfigurationList;
			buildConfigurations = (
				E2BAEF362FF7CEDB0004282D /* Debug */,
				E2BAEF372FF7CEDB0004282D /* Release */,
			);
			defaultConfigurationIsVisible = 0;
			defaultConfigurationName = Release;
		};
/* End XCConfigurationList section */

/* Begin XCRemoteSwiftPackageReference section */
		E244C3682FF97B530026734E /* XCRemoteSwiftPackageReference "firebase-ios-sdk" */ = {
			isa = XCRemoteSwiftPackageReference;
			repositoryURL = "https://github.com/firebase/firebase-ios-sdk";
			requirement = {
				kind = upToNextMajorVersion;
				minimumVersion = 12.15.0;
			};
		};
/* End XCRemoteSwiftPackageReference section */

/* Begin XCSwiftPackageProductDependency section */
		E244C3692FF97B530026734E /* FirebaseAnalytics */ = {
			isa = XCSwiftPackageProductDependency;
			package = E244C3682FF97B530026734E /* XCRemoteSwiftPackageReference "firebase-ios-sdk" */;
			productName = FirebaseAnalytics;
		};
		E244C36B2FF97B530026734E /* FirebaseAuth */ = {
			isa = XCSwiftPackageProductDependency;
			package = E244C3682FF97B530026734E /* XCRemoteSwiftPackageReference "firebase-ios-sdk" */;
			productName = FirebaseAuth;
		};
		E244C36D2FF97B530026734E /* FirebaseFirestore */ = {
			isa = XCSwiftPackageProductDependency;
			package = E244C3682FF97B530026734E /* XCRemoteSwiftPackageReference "firebase-ios-sdk" */;
			productName = FirebaseFirestore;
		};
/* End XCSwiftPackageProductDependency section */
	};
	rootObject = E2BAEF1F2FF7CEDA0004282D /* Project object */;
}
